
Microsoft Visual Studio Solution File, Format Version 10.00
# Visual Studio 2008
Project("{8BC9CEB8-8B4A-11D0-8D11-00A0C91BC942}") = "Min_Max", "Min_Max\Min_Max.vcproj", "{A9C2ED5D-9D05-423C-A8FB-3B6128EDD931}"
EndProject
Global
	GlobalSection(SolutionConfigurationPlatforms) = preSolution
		Debug|Win32 = Debug|Win32
		Release|Win32 = Release|Win32
	EndGlobalSection
	GlobalSection(ProjectConfigurationPlatforms) = postSolution
		{A9C2ED5D-9D05-423C-A8FB-3B6128EDD931}.Debug|Win32.ActiveCfg = Debug|Win32
		{A9C2ED5D-9D05-423C-A8FB-3B6128EDD931}.Debug|Win32.Build.0 = Debug|Win32
		{A9C2ED5D-9D05-423C-A8FB-3B6128EDD931}.Release|Win32.ActiveCfg = Release|Win32
		{A9C2ED5D-9D05-423C-A8FB-3B6128EDD931}.Release|Win32.Build.0 = Release|Win32
	EndGlobalSection
	GlobalSection(SolutionProperties) = preSolution
		HideSolutionNode = FALSE
	EndGlobalSection
EndGlobal
